// !$*UTF8*$!
{
	archiveVersion = 1;
	classes = {
	};
	objectVersion = 46;
	objects = {

/* Begin PBXBuildFile section */
		BF2264351C8BC3800010047E /* TabBarController.swift in Sources */ = {isa = PBXBuildFile; fileRef = BF2264341C8BC3800010047E /* TabBarController.swift */; };
		BF2264371C8BC8530010047E /* CameraViewController.swift in Sources */ = {isa = PBXBuildFile; fileRef = BF2264361C8BC8530010047E /* CameraViewController.swift */; };
		BF2264391C8BC85B0010047E /* ProfileViewController.swift in Sources */ = {isa = PBXBuildFile; fileRef = BF2264381C8BC85B0010047E /* ProfileViewController.swift */; };
		BF22643B1C8BCFD60010047E /* PictureViewController.swift in Sources */ = {isa = PBXBuildFile; fileRef = BF22643A1C8BCFD60010047E /* PictureViewController.swift */; };
		BF4FFA4E1C87A6F0006792CC /* SignupViewController.swift in Sources */ = {isa = PBXBuildFile; fileRef = BF4FFA4D1C87A6F0006792CC /* SignupViewController.swift */; };
		BF81BCBF1C7FEDD8003ECE26 /* AppDelegate.swift in Sources */ = {isa = PBXBuildFile; fileRef = BF81BCBE1C7FEDD8003ECE26 /* AppDelegate.swift */; };
		BF81BCC11C7FEDD8003ECE26 /* ViewController.swift in Sources */ = {isa = PBXBuildFile; fileRef = BF81BCC01C7FEDD8003ECE26 /* ViewController.swift */; };
		BF81BCC41C7FEDD8003ECE26 /* Main.storyboard in Resources */ = {isa = PBXBuildFile; fileRef = BF81BCC21C7FEDD8003ECE26 /* Main.storyboard */; };
		BF81BCC61C7FEDD8003ECE26 /* Assets.xcassets in Resources */ = {isa = PBXBuildFile; fileRef = BF81BCC51C7FEDD8003ECE26 /* Assets.xcassets */; };
		BF81BCC91C7FEDD8003ECE26 /* LaunchScreen.storyboard in Resources */ = {isa = PBXBuildFile; fileRef = BF81BCC71C7FEDD8003ECE26 /* LaunchScreen.storyboard */; };
		BF85792C1C7FF42900083120 /* LoginViewController.swift in Sources */ = {isa = PBXBuildFile; fileRef = BF85792B1C7FF42900083120 /* LoginViewController.swift */; };
		BF8579301C80004D00083120 /* TimelineViewController.swift in Sources */ = {isa = PBXBuildFile; fileRef = BF85792F1C80004D00083120 /* TimelineViewController.swift */; };
		BF8579341C80095A00083120 /* Post.swift in Sources */ = {isa = PBXBuildFile; fileRef = BF8579331C80095A00083120 /* Post.swift */; };
		BF8C162A549B7028A7025E89 /* Pods_graminsta.framework in Frameworks */ = {isa = PBXBuildFile; fileRef = 8213EF56126FE37C0C7F7B09 /* Pods_graminsta.framework */; };
		BFBD12841C8CBB7600D3399E /* ProfileCellCollectionViewCell.swift in Sources */ = {isa = PBXBuildFile; fileRef = BFBD12831C8CBB7600D3399E /* ProfileCellCollectionViewCell.swift */; };
		BFBD12861C8CD12100D3399E /* FGInitialCircleImage.swift in Sources */ = {isa = PBXBuildFile; fileRef = BFBD12851C8CD12100D3399E /* FGInitialCircleImage.swift */; };
		BFBD12881C8CD5F400D3399E /* QuartzCore.framework in Frameworks */ = {isa = PBXBuildFile; fileRef = BFBD12871C8CD5F400D3399E /* QuartzCore.framework */; };
		BFCF5B0B1C877A9100D84D48 /* MediaCell.swift in Sources */ = {isa = PBXBuildFile; fileRef = BFCF5B0A1C877A9100D84D48 /* MediaCell.swift */; };
		BFCF5B101C87810900D84D48 /* User.swift in Sources */ = {isa = PBXBuildFile; fileRef = BFCF5B0F1C87810900D84D48 /* User.swift */; };
/* End PBXBuildFile section */

/* Begin PBXFileReference section */
		7DA993B729BDC5C92E316207 /* Pods-graminsta.release.xcconfig */ = {isa = PBXFileReference; includeInIndex = 1; lastKnownFileType = text.xcconfig; name = "Pods-graminsta.release.xcconfig"; path = "Pods/Target Support Files/Pods-graminsta/Pods-graminsta.release.xcconfig"; sourceTree = "<group>"; };
		8213EF56126FE37C0C7F7B09 /* Pods_graminsta.framework */ = {isa = PBXFileReference; explicitFileType = wrapper.framework; includeInIndex = 0; path = Pods_graminsta.framework; sourceTree = BUILT_PRODUCTS_DIR; };
		BF2264341C8BC3800010047E /* TabBarController.swift */ = {isa = PBXFileReference; fileEncoding = 4; lastKnownFileType = sourcecode.swift; path = TabBarController.swift; sourceTree = "<group>"; };
		BF2264361C8BC8530010047E /* CameraViewController.swift */ = {isa = PBXFileReference; fileEncoding = 4; lastKnownFileType = sourcecode.swift; path = CameraViewController.swift; sourceTree = "<group>"; };
		BF2264381C8BC85B0010047E /* ProfileViewController.swift */ = {isa = PBXFileReference; fileEncoding = 4; lastKnownFileType = sourcecode.swift; path = ProfileViewController.swift; sourceTree = "<group>"; };
		BF22643A1C8BCFD60010047E /* PictureViewController.swift */ = {isa = PBXFileReference; fileEncoding = 4; lastKnownFileType = sourcecode.swift; path = PictureViewController.swift; sourceTree = "<group>"; };
		BF4FFA4D1C87A6F0006792CC /* SignupViewController.swift */ = {isa = PBXFileReference; fileEncoding = 4; lastKnownFileType = sourcecode.swift; path = SignupViewController.swift; sourceTree = "<group>"; };
		BF81BCBB1C7FEDD8003ECE26 /* graminsta.app */ = {isa = PBXFileReference; explicitFileType = wrapper.application; includeInIndex = 0; path = graminsta.app; sourceTree = BUILT_PRODUCTS_DIR; };
		BF81BCBE1C7FEDD8003ECE26 /* AppDelegate.swift */ = {isa = PBXFileReference; lastKnownFileType = sourcecode.swift; path = AppDelegate.swift; sourceTree = "<group>"; };
		BF81BCC01C7FEDD8003ECE26 /* ViewController.swift */ = {isa = PBXFileReference; lastKnownFileType = sourcecode.swift; path = ViewController.swift; sourceTree = "<group>"; };
		BF81BCC31C7FEDD8003ECE26 /* Base */ = {isa = PBXFileReference; lastKnownFileType = file.storyboard; name = Base; path = Base.lproj/Main.storyboard; sourceTree = "<group>"; };
		BF81BCC51C7FEDD8003ECE26 /* Assets.xcassets */ = {isa = PBXFileReference; lastKnownFileType = folder.assetcatalog; path = Assets.xcassets; sourceTree = "<group>"; };
		BF81BCC81C7FEDD8003ECE26 /* Base */ = {isa = PBXFileReference; lastKnownFileType = file.storyboard; name = Base; path = Base.lproj/LaunchScreen.storyboard; sourceTree = "<group>"; };
		BF81BCCA1C7FEDD8003ECE26 /* Info.plist */ = {isa = PBXFileReference; lastKnownFileType = text.plist.xml; path = Info.plist; sourceTree = "<group>"; };
		BF85792B1C7FF42900083120 /* LoginViewController.swift */ = {isa = PBXFileReference; fileEncoding = 4; lastKnownFileType = sourcecode.swift; path = LoginViewController.swift; sourceTree = "<group>"; };
		BF85792F1C80004D00083120 /* TimelineViewController.swift */ = {isa = PBXFileReference; fileEncoding = 4; lastKnownFileType = sourcecode.swift; path = TimelineViewController.swift; sourceTree = "<group>"; };
		BF8579331C80095A00083120 /* Post.swift */ = {isa = PBXFileReference; fileEncoding = 4; lastKnownFileType = sourcecode.swift; path = Post.swift; sourceTree = "<group>"; };
		BFBD12831C8CBB7600D3399E /* ProfileCellCollectionViewCell.swift */ = {isa = PBXFileReference; fileEncoding = 4; lastKnownFileType = sourcecode.swift; path = ProfileCellCollectionViewCell.swift; sourceTree = "<group>"; };
		BFBD12851C8CD12100D3399E /* FGInitialCircleImage.swift */ = {isa = PBXFileReference; fileEncoding = 4; lastKnownFileType = sourcecode.swift; name = FGInitialCircleImage.swift; path = ../Pods/FGInitialsCircleSwift/FGInitialCircleImage/FGInitialCircleImage/FGInitialCircleImage.swift; sourceTree = "<group>"; };
		BFBD12871C8CD5F400D3399E /* QuartzCore.framework */ = {isa = PBXFileReference; lastKnownFileType = wrapper.framework; name = QuartzCore.framework; path = System/Library/Frameworks/QuartzCore.framework; sourceTree = SDKROOT; };
		BFCF5B0A1C877A9100D84D48 /* MediaCell.swift */ = {isa = PBXFileReference; fileEncoding = 4; lastKnownFileType = sourcecode.swift; path = MediaCell.swift; sourceTree = "<group>"; };
		BFCF5B0F1C87810900D84D48 /* User.swift */ = {isa = PBXFileReference; fileEncoding = 4; lastKnownFileType = sourcecode.swift; path = User.swift; sourceTree = "<group>"; };
		EEB44795173FD7B741578081 /* Pods-graminsta.debug.xcconfig */ = {isa = PBXFileReference; includeInIndex = 1; lastKnownFileType = text.xcconfig; name = "Pods-graminsta.debug.xcconfig"; path = "Pods/Target Support Files/Pods-graminsta/Pods-graminsta.debug.xcconfig"; sourceTree = "<group>"; };
/* End PBXFileReference section */

/* Begin PBXFrameworksBuildPhase section */
		BF81BCB81C7FEDD8003ECE26 /* Frameworks */ = {
			isa = PBXFrameworksBuildPhase;
			buildActionMask = 2147483647;
			files = (
				BFBD12881C8CD5F400D3399E /* QuartzCore.framework in Frameworks */,
				BF8C162A549B7028A7025E89 /* Pods_graminsta.framework in Frameworks */,
			);
			runOnlyForDeploymentPostprocessing = 0;
		};
/* End PBXFrameworksBuildPhase section */

/* Begin PBXGroup section */
		06180E445848556CA7381A85 /* Pods */ = {
			isa = PBXGroup;
			children = (
				EEB44795173FD7B741578081 /* Pods-graminsta.debug.xcconfig */,
				7DA993B729BDC5C92E316207 /* Pods-graminsta.release.xcconfig */,
			);
			name = Pods;
			sourceTree = "<group>";
		};
		1B573A301EF8D2455F720EB2 /* Frameworks */ = {
			isa = PBXGroup;
			children = (
				BFBD12871C8CD5F400D3399E /* QuartzCore.framework */,
				8213EF56126FE37C0C7F7B09 /* Pods_graminsta.framework */,
			);
			name = Frameworks;
			sourceTree = "<group>";
		};
		BF81BCB21C7FEDD8003ECE26 = {
			isa = PBXGroup;
			children = (
				BF81BCBD1C7FEDD8003ECE26 /* graminsta */,
				BF81BCBC1C7FEDD8003ECE26 /* Products */,
				06180E445848556CA7381A85 /* Pods */,
				1B573A301EF8D2455F720EB2 /* Frameworks */,
			);
			sourceTree = "<group>";
		};
		BF81BCBC1C7FEDD8003ECE26 /* Products */ = {
			isa = PBXGroup;
			children = (
				BF81BCBB1C7FEDD8003ECE26 /* graminsta.app */,
			);
			name = Products;
			sourceTree = "<group>";
		};
		BF81BCBD1C7FEDD8003ECE26 /* graminsta */ = {
			isa = PBXGroup;
			children = (
				BF8579321C80093900083120 /* Models */,
				BF8579311C80092E00083120 /* View Controllers */,
				BF81BCBE1C7FEDD8003ECE26 /* AppDelegate.swift */,
				BF81BCC21C7FEDD8003ECE26 /* Main.storyboard */,
				BF81BCC51C7FEDD8003ECE26 /* Assets.xcassets */,
				BF81BCC71C7FEDD8003ECE26 /* LaunchScreen.storyboard */,
				BF81BCCA1C7FEDD8003ECE26 /* Info.plist */,
				BFBD12851C8CD12100D3399E /* FGInitialCircleImage.swift */,
			);
			path = graminsta;
			sourceTree = "<group>";
		};
		BF8579311C80092E00083120 /* View Controllers */ = {
			isa = PBXGroup;
			children = (
				BF81BCC01C7FEDD8003ECE26 /* ViewController.swift */,
				BF85792B1C7FF42900083120 /* LoginViewController.swift */,
				BF85792F1C80004D00083120 /* TimelineViewController.swift */,
				BF4FFA4D1C87A6F0006792CC /* SignupViewController.swift */,
				BF2264341C8BC3800010047E /* TabBarController.swift */,
				BF2264361C8BC8530010047E /* CameraViewController.swift */,
				BF2264381C8BC85B0010047E /* ProfileViewController.swift */,
				BF22643A1C8BCFD60010047E /* PictureViewController.swift */,
			);
			name = "View Controllers";
			sourceTree = "<group>";
		};
		BF8579321C80093900083120 /* Models */ = {
			isa = PBXGroup;
			children = (
				BF8579331C80095A00083120 /* Post.swift */,
				BFCF5B0A1C877A9100D84D48 /* MediaCell.swift */,
				BFCF5B0F1C87810900D84D48 /* User.swift */,
				BFBD12831C8CBB7600D3399E /* ProfileCellCollectionViewCell.swift */,
			);
			name = Models;
			sourceTree = "<group>";
		};
/* End PBXGroup section */

/* Begin PBXNativeTarget section */
		BF81BCBA1C7FEDD8003ECE26 /* graminsta */ = {
			isa = PBXNativeTarget;
			buildConfigurationList = BF81BCCD1C7FEDD8003ECE26 /* Build configuration list for PBXNativeTarget "graminsta" */;
			buildPhases = (
				C6F50D1299B057A190822C0A /* Check Pods Manifest.lock */,
				BF81BCB71C7FEDD8003ECE26 /* Sources */,
				BF81BCB81C7FEDD8003ECE26 /* Frameworks */,
				BF81BCB91C7FEDD8003ECE26 /* Resources */,
				555FC89EC3D34EA31F79185C /* Embed Pods Frameworks */,
				75C45C98F212DBB674B314C5 /* Copy Pods Resources */,
			);
			buildRules = (
			);
			dependencies = (
			);
			name = graminsta;
			productName = graminsta;
			productReference = BF81BCBB1C7FEDD8003ECE26 /* graminsta.app */;
			productType = "com.apple.product-type.application";
		};
/* End PBXNativeTarget section */

/* Begin PBXProject section */
		BF81BCB31C7FEDD8003ECE26 /* Project object */ = {
			isa = PBXProject;
			attributes = {
				LastSwiftUpdateCheck = 0720;
				LastUpgradeCheck = 0720;
				ORGANIZATIONNAME = QSport;
				TargetAttributes = {
					BF81BCBA1C7FEDD8003ECE26 = {
						CreatedOnToolsVersion = 7.2;
						DevelopmentTeam = HHC2R7Q8M6;
					};
				};
			};
			buildConfigurationList = BF81BCB61C7FEDD8003ECE26 /* Build configuration list for PBXProject "graminsta" */;
			compatibilityVersion = "Xcode 3.2";
			developmentRegion = English;
			hasScannedForEncodings = 0;
			knownRegions = (
				en,
				Base,
			);
			mainGroup = BF81BCB21C7FEDD8003ECE26;
			productRefGroup = BF81BCBC1C7FEDD8003ECE26 /* Products */;
			projectDirPath = "";
			projectRoot = "";
			targets = (
				BF81BCBA1C7FEDD8003ECE26 /* graminsta */,
			);
		};
/* End PBXProject section */

/* Begin PBXResourcesBuildPhase section */
		BF81BCB91C7FEDD8003ECE26 /* Resources */ = {
			isa = PBXResourcesBuildPhase;
			buildActionMask = 2147483647;
			files = (
				BF81BCC91C7FEDD8003ECE26 /* LaunchScreen.storyboard in Resources */,
				BF81BCC61C7FEDD8003ECE26 /* Assets.xcassets in Resources */,
				BF81BCC41C7FEDD8003ECE26 /* Main.storyboard in Resources */,
			);
			runOnlyForDeploymentPostprocessing = 0;
		};
/* End PBXResourcesBuildPhase section */

/* Begin PBXShellScriptBuildPhase section */
		555FC89EC3D34EA31F79185C /* Embed Pods Frameworks */ = {
			isa = PBXShellScriptBuildPhase;
			buildActionMask = 2147483647;
			files = (
			);
			inputPaths = (
			);
			name = "Embed Pods Frameworks";
			outputPaths = (
			);
			runOnlyForDeploymentPostprocessing = 0;
			shellPath = /bin/sh;
			shellScript = "\"${SRCROOT}/Pods/Target Support Files/Pods-graminsta/Pods-graminsta-frameworks.sh\"\n";
			showEnvVarsInLog = 0;
		};
		75C45C98F212DBB674B314C5 /* Copy Pods Resources */ = {
			isa = PBXShellScriptBuildPhase;
			buildActionMask = 2147483647;
			files = (
			);
			inputPaths = (
			);
			name = "Copy Pods Resources";
			outputPaths = (
			);
			runOnlyForDeploymentPostprocessing = 0;
			shellPath = /bin/sh;
			shellScript = "\"${SRCROOT}/Pods/Target Support Files/Pods-graminsta/Pods-graminsta-resources.sh\"\n";
			showEnvVarsInLog = 0;
		};
		C6F50D1299B057A190822C0A /* Check Pods Manifest.lock */ = {
			isa = PBXShellScriptBuildPhase;
			buildActionMask = 2147483647;
			files = (
			);
			inputPaths = (
			);
			name = "Check Pods Manifest.lock";
			outputPaths = (
			);
			runOnlyForDeploymentPostprocessing = 0;
			shellPath = /bin/sh;
			shellScript = "diff \"${PODS_ROOT}/../Podfile.lock\" \"${PODS_ROOT}/Manifest.lock\" > /dev/null\nif [[ $? != 0 ]] ; then\n    cat << EOM\nerror: The sandbox is not in sync with the Podfile.lock. Run 'pod install' or update your CocoaPods installation.\nEOM\n    exit 1\nfi\n";
			showEnvVarsInLog = 0;
		};
/* End PBXShellScriptBuildPhase section */

/* Begin PBXSourcesBuildPhase section */
		BF81BCB71C7FEDD8003ECE26 /* Sources */ = {
			isa = PBXSourcesBuildPhase;
			buildActionMask = 2147483647;
			files = (
				BF85792C1C7FF42900083120 /* LoginViewController.swift in Sources */,
				BFBD12841C8CBB7600D3399E /* ProfileCellCollectionViewCell.swift in Sources */,
				BF22643B1C8BCFD60010047E /* PictureViewController.swift in Sources */,
				BF2264371C8BC8530010047E /* CameraViewController.swift in Sources */,
				BF8579301C80004D00083120 /* TimelineViewController.swift in Sources */,
				BF4FFA4E1C87A6F0006792CC /* SignupViewController.swift in Sources */,
				BF2264351C8BC3800010047E /* TabBarController.swift in Sources */,
				BFBD12861C8CD12100D3399E /* FGInitialCircleImage.swift in Sources */,
				BF81BCC11C7FEDD8003ECE26 /* ViewController.swift in Sources */,
				BF2264391C8BC85B0010047E /* ProfileViewController.swift in Sources */,
				BFCF5B101C87810900D84D48 /* User.swift in Sources */,
				BF81BCBF1C7FEDD8003ECE26 /* AppDelegate.swift in Sources */,
				BFCF5B0B1C877A9100D84D48 /* MediaCell.swift in Sources */,
				BF8579341C80095A00083120 /* Post.swift in Sources */,
			);
			runOnlyForDeploymentPostprocessing = 0;
		};
/* End PBXSourcesBuildPhase section */

/* Begin PBXVariantGroup section */
		BF81BCC21C7FEDD8003ECE26 /* Main.storyboard */ = {
			isa = PBXVariantGroup;
			children = (
				BF81BCC31C7FEDD8003ECE26 /* Base */,
			);
			name = Main.storyboard;
			sourceTree = "<group>";
		};
		BF81BCC71C7FEDD8003ECE26 /* LaunchScreen.storyboard */ = {
			isa = PBXVariantGroup;
			children = (
				BF81BCC81C7FEDD8003ECE26 /* Base */,
			);
			name = LaunchScreen.storyboard;
			sourceTree = "<group>";
		};
/* End PBXVariantGroup section */

/* Begin XCBuildConfiguration section */
		BF81BCCB1C7FEDD8003ECE26 /* Debug */ = {
			isa = XCBuildConfiguration;
			buildSettings = {
				ALWAYS_SEARCH_USER_PATHS = NO;
				CLANG_CXX_LANGUAGE_STANDARD = "gnu++0x";
				CLANG_CXX_LIBRARY = "libc++";
				CLANG_ENABLE_MODULES = YES;
				CLANG_ENABLE_OBJC_ARC = YES;
				CLANG_WARN_BOOL_CONVERSION = YES;
				CLANG_WARN_CONSTANT_CONVERSION = YES;
				CLANG_WARN_DIRECT_OBJC_ISA_USAGE = YES_ERROR;
				CLANG_WARN_EMPTY_BODY = YES;
				CLANG_WARN_ENUM_CONVERSION = YES;
				CLANG_WARN_INT_CONVERSION = YES;
				CLANG_WARN_OBJC_ROOT_CLASS = YES_ERROR;
				CLANG_WARN_UNREACHABLE_CODE = YES;
				CLANG_WARN__DUPLICATE_METHOD_MATCH = YES;
				"CODE_SIGN_IDENTITY[sdk=iphoneos*]" = "iPhone Developer";
				COPY_PHASE_STRIP = NO;
				DEBUG_INFORMATION_FORMAT = dwarf;
				ENABLE_STRICT_OBJC_MSGSEND = YES;
				ENABLE_TESTABILITY = YES;
				GCC_C_LANGUAGE_STANDARD = gnu99;
				GCC_DYNAMIC_NO_PIC = NO;
				GCC_NO_COMMON_BLOCKS = YES;
				GCC_OPTIMIZATION_LEVEL = 0;
				GCC_PREPROCESSOR_DEFINITIONS = (
					"DEBUG=1",
					"$(inherited)",
				);
				GCC_WARN_64_TO_32_BIT_CONVERSION = YES;
				GCC_WARN_ABOUT_RETURN_TYPE = YES_ERROR;
				GCC_WARN_UNDECLARED_SELECTOR = YES;
				GCC_WARN_UNINITIALIZED_AUTOS = YES_AGGRESSIVE;
				GCC_WARN_UNUSED_FUNCTION = YES;
				GCC_WARN_UNUSED_VARIABLE = YES;
				IPHONEOS_DEPLOYMENT_TARGET = 9.2;
				MTL_ENABLE_DEBUG_INFO = YES;
				ONLY_ACTIVE_ARCH = YES;
				SDKROOT = iphoneos;
				SWIFT_OPTIMIZATION_LEVEL = "-Onone";
				TARGETED_DEVICE_FAMILY = "1,2";
			};
			name = Debug;
		};
		BF81BCCC1C7FEDD8003ECE26 /* Release */ = {
			isa = XCBuildConfiguration;
			buildSettings = {
				ALWAYS_SEARCH_USER_PATHS = NO;
				CLANG_CXX_LANGUAGE_STANDARD = "gnu++0x";
				CLANG_CXX_LIBRARY = "libc++";
				CLANG_ENABLE_MODULES = YES;
				CLANG_ENABLE_OBJC_ARC = YES;
				CLANG_WARN_BOOL_CONVERSION = YES;
				CLANG_WARN_CONSTANT_CONVERSION = YES;
				CLANG_WARN_DIRECT_OBJC_ISA_USAGE = YES_ERROR;
				CLANG_WARN_EMPTY_BODY = YES;
				CLANG_WARN_ENUM_CONVERSION = YES;
				CLANG_WARN_INT_CONVERSION = YES;
				CLANG_WARN_OBJC_ROOT_CLASS = YES_ERROR;
				CLANG_WARN_UNREACHABLE_CODE = YES;
				CLANG_WARN__DUPLICATE_METHOD_MATCH = YES;
				"CODE_SIGN_IDENTITY[sdk=iphoneos*]" = "iPhone Developer";
				COPY_PHASE_STRIP = NO;
				DEBUG_INFORMATION_FORMAT = "dwarf-with-dsym";
				ENABLE_NS_ASSERTIONS = NO;
				ENABLE_STRICT_OBJC_MSGSEND = YES;
				GCC_C_LANGUAGE_STANDARD = gnu99;
				GCC_NO_COMMON_BLOCKS = YES;
				GCC_WARN_64_TO_32_BIT_CONVERSION = YES;
				GCC_WARN_ABOUT_RETURN_TYPE = YES_ERROR;
				GCC_WARN_UNDECLARED_SELECTOR = YES;
				GCC_WARN_UNINITIALIZED_AUTOS = YES_AGGRESSIVE;
				GCC_WARN_UNUSED_FUNCTION = YES;
				GCC_WARN_UNUSED_VARIABLE = YES;
				IPHONEOS_DEPLOYMENT_TARGET = 9.2;
				MTL_ENABLE_DEBUG_INFO = NO;
				SDKROOT = iphoneos;
				TARGETED_DEVICE_FAMILY = "1,2";
				VALIDATE_PRODUCT = YES;
			};
			name = Release;
		};
		BF81BCCE1C7FEDD8003ECE26 /* Debug */ = {
			isa = XCBuildConfiguration;
			baseConfigurationReference = EEB44795173FD7B741578081 /* Pods-graminsta.debug.xcconfig */;
			buildSettings = {
				ASSETCATALOG_COMPILER_APPICON_NAME = AppIcon;
				INFOPLIST_FILE = graminsta/Info.plist;
				LD_RUNPATH_SEARCH_PATHS = "$(inherited) @executable_path/Frameworks";
				PRODUCT_BUNDLE_IDENTIFIER = QSport.graminsta;
				PRODUCT_NAME = "$(TARGET_NAME)";
			};
			name = Debug;
		};
		BF81BCCF1C7FEDD8003ECE26 /* Release */ = {
			isa = XCBuildConfiguration;
			baseConfigurationReference = 7DA993B729BDC5C92E316207 /* Pods-graminsta.release.xcconfig */;
			buildSettings = {
				ASSETCATALOG_COMPILER_APPICON_NAME = AppIcon;
				INFOPLIST_FILE = graminsta/Info.plist;
				LD_RUNPATH_SEARCH_PATHS = "$(inherited) @executable_path/Frameworks";
				PRODUCT_BUNDLE_IDENTIFIER = QSport.graminsta;
				PRODUCT_NAME = "$(TARGET_NAME)";
			};
			name = Release;
		};
/* End XCBuildConfiguration section */

/* Begin XCConfigurationList section */
		BF81BCB61C7FEDD8003ECE26 /* Build configuration list for PBXProject "graminsta" */ = {
			isa = XCConfigurationList;
			buildConfigurations = (
				BF81BCCB1C7FEDD8003ECE26 /* Debug */,
				BF81BCCC1C7FEDD8003ECE26 /* Release */,
			);
			defaultConfigurationIsVisible = 0;
			defaultConfigurationName = Release;
		};
		BF81BCCD1C7FEDD8003ECE26 /* Build configuration list for PBXNativeTarget "graminsta" */ = {
			isa = XCConfigurationList;
			buildConfigurations = (
				BF81BCCE1C7FEDD8003ECE26 /* Debug */,
				BF81BCCF1C7FEDD8003ECE26 /* Release */,
			);
			defaultConfigurationIsVisible = 0;
			defaultConfigurationName = Release;
		};
/* End XCConfigurationList section */
	};
	rootObject = BF81BCB31C7FEDD8003ECE26 /* Project object */;
}
