PODS:
  - ALCameraViewController (1.1.7)
  - Bolts/Tasks (1.6.0)
  - ChameleonFramework/Default (2.1.0)
  - ChameleonFramework/Swift (2.1.0):
    - ChameleonFramework/Default
  - FGInitialsCircleSwift (0.1.0)
  - MBProgressHUD (0.9.2)
  - Parse (1.12.0):
    - Bolts/Tasks (~> 1.5)
  - UIColor_Hex_Swift (1.9)

DEPENDENCIES:
  - ALCameraViewController
  - ChameleonFramework/Swift
  - FGInitialsCircleSwift
  - MBProgressHUD
  - Parse
  - UIColor_Hex_Swift

SPEC CHECKSUMS:
  ALCameraViewController: 15bd245a247cff0f8a038c349ac2bbe79152b686
  Bolts: f52a250053bb517ca874523c3913776359ab3def
  ChameleonFramework: d21a3cc247abfe5e37609a283a8238b03575cf64
  FGInitialsCircleSwift: 8f5120e939c4bac7ddc131a2d7333c705473ec23
  MBProgressHUD: 1569cf7ace17a8bac47aabfbb8580a49690386d1
  Parse: de2c52a9a1421b91ae7594ab8ce191afd184f19b
  UIColor_Hex_Swift: 2ee747c0fed8b72b2135ef474b80a6921e489daa

COCOAPODS: 0.39.0
